# THIS IS AN AUTOGENERATED FILE. DO NOT EDIT THIS FILE DIRECTLY.
# yarn lockfile v1


"@citizenfx/client@2.0.6115-1":
  version "2.0.6115-1"
  resolved "https://registry.yarnpkg.com/@citizenfx/client/-/client-2.0.6115-1.tgz#c621f152e561b7abcc5c0d5f94f63bf83af8c5bc"
  integrity sha512-65xA7tV0wMscN6J9sGkuIEaC4zb7Bn0l6wKgn3ZtbIt4PsFP5FV07gorJK1V7Pbb8KPT1RkW6AVChgZh0g9pGQ==

"@citizenfx/server@2.0.6115-1":
  version "2.0.6115-1"
  resolved "https://registry.yarnpkg.com/@citizenfx/server/-/server-2.0.6115-1.tgz#7b47a473dea5afd1a5ba23795e0b62a16eebfb13"
  integrity sha512-Rz40HIDAOaQrb/CV1DtGn1eMePYlDktSSjJBjwbU2iR2FXeKz+Fsxm5Bkg8T1u7PrOD1US/raf5OvtWLMBNu4w==

"@esbuild/android-arm@0.15.17":
  version "0.15.17"
  resolved "https://registry.yarnpkg.com/@esbuild/android-arm/-/android-arm-0.15.17.tgz#05162390ed2b0f2ae9647a809efb71fba14ddfe7"
  integrity sha512-ay6Ken4u+JStjYmqIgh71jMT0bs/rXpCCDKaMfl78B20QYWJglT5P6Ejfm4hWf6Zi+uUWNe7ZmqakRs2BQYIeg==

"@esbuild/linux-loong64@0.15.17":
  version "0.15.17"
  resolved "https://registry.yarnpkg.com/@esbuild/linux-loong64/-/linux-loong64-0.15.17.tgz#870daa61c257dfa0ee4f0ed71704d55e9af8e20c"
  integrity sha512-IA1O7f7qxw2DX8oqTpugHElr926phs7Rq8ULXleBMk4go5K05BU0mI8BfCkWcYAvcmVaMc13bv5W3LIUlU6Y9w==

"@prisma/client@^4.7.1":
  version "4.7.1"
  resolved "https://registry.yarnpkg.com/@prisma/client/-/client-4.7.1.tgz#66fe84aca25de17cb3d9141dec003f34714914b9"
  integrity sha512-/GbnOwIPtjiveZNUzGXOdp7RxTEkHL4DZP3vBaFNadfr6Sf0RshU5EULFzVaSi9i9PIK9PYd+1Rn7z2B2npb9w==
  dependencies:
    "@prisma/engines-version" "4.7.1-1.272861e07ab64f234d3ffc4094e32bd61775599c"

"@prisma/engines-version@4.7.1-1.272861e07ab64f234d3ffc4094e32bd61775599c":
  version "4.7.1-1.272861e07ab64f234d3ffc4094e32bd61775599c"
  resolved "https://registry.yarnpkg.com/@prisma/engines-version/-/engines-version-4.7.1-1.272861e07ab64f234d3ffc4094e32bd61775599c.tgz#43ff7d85478e64a1d790e4d53e78768a2acfacfe"
  integrity sha512-Bd4LZ+WAnUHOq31e9X/ihi5zPlr4SzTRwUZZYxvWOxlerIZ7HJlVa9zXpuKTKLpI9O1l8Ec4OYCKsivWCs5a3Q==

"@prisma/engines@4.7.1":
  version "4.7.1"
  resolved "https://registry.yarnpkg.com/@prisma/engines/-/engines-4.7.1.tgz#d657d4d05724158140022fa00614e143643090c2"
  integrity sha512-zWabHosTdLpXXlMefHmnouhXMoTB1+SCbUU3t4FCmdrtIOZcarPKU3Alto7gm/pZ9vHlGOXHCfVZ1G7OIrSbog==

"@types/node@^18.11.10":
  version "18.11.10"
  resolved "https://registry.yarnpkg.com/@types/node/-/node-18.11.10.tgz#4c64759f3c2343b7e6c4b9caf761c7a3a05cee34"
  integrity sha512-juG3RWMBOqcOuXC643OAdSA525V44cVgGV6dUDuiFtss+8Fk5x1hI93Rsld43VeJVIeqlP9I7Fn9/qaVqoEAuQ==

at-least-node@^1.0.0:
  version "1.0.0"
  resolved "https://registry.yarnpkg.com/at-least-node/-/at-least-node-1.0.0.tgz#602cd4b46e844ad4effc92a8011a3c46e0238dc2"
  integrity sha512-+q/t7Ekv1EDY2l6Gda6LLiX14rU9TV20Wa3ofeQmwPFZbOMo9DXrLbOjFaaclkXKWidIaopwAObQDqwWtGUjqg==

esbuild-android-64@0.15.17:
  version "0.15.17"
  resolved "https://registry.yarnpkg.com/esbuild-android-64/-/esbuild-android-64-0.15.17.tgz#3e639a064b275a5e9aaa02a2f4ea0e1d2d875fc9"
  integrity sha512-sUs6cKMAuAyWnJ/66ezWVr9SMRGFSwoMagxzdhXYggSA12zF7krXSuc1Y9JwxHq56wtv/gFAVo97TFm7RBc1Ig==

esbuild-android-arm64@0.15.17:
  version "0.15.17"
  resolved "https://registry.yarnpkg.com/esbuild-android-arm64/-/esbuild-android-arm64-0.15.17.tgz#c863d99723e219bda5336352002530d3fdcc62bf"
  integrity sha512-RLZuCgIx1rexwxwsXTEW40ZiZzdBI1MBphwDRFyms/iiJGwLxqCH7v75iSJk5s6AF6oa80KC6r/RmzyaX/uJNg==

esbuild-darwin-64@0.15.17:
  version "0.15.17"
  resolved "https://registry.yarnpkg.com/esbuild-darwin-64/-/esbuild-darwin-64-0.15.17.tgz#2c68c9cf85235a5e79b3936c12dfee1ce4aafa55"
  integrity sha512-+6RTCZ0hfAb+RqTNq1uVsBcP441yZOSi6CyV9BIBryGGVg8RM3Bc6L45e5b68jdRloddN92ekS50e4ElI+cHQA==

esbuild-darwin-arm64@0.15.17:
  version "0.15.17"
  resolved "https://registry.yarnpkg.com/esbuild-darwin-arm64/-/esbuild-darwin-arm64-0.15.17.tgz#3d277785acea953e0bb23e21c5df536341055aad"
  integrity sha512-ne4UWUHEKWLgYSE5SLr0/TBcID3k9LPnrzzRXzFLTfD+ygjnW1pMEgdMfmOKIe8jYBUYv8x/YoksriTdQb9r/Q==

esbuild-freebsd-64@0.15.17:
  version "0.15.17"
  resolved "https://registry.yarnpkg.com/esbuild-freebsd-64/-/esbuild-freebsd-64-0.15.17.tgz#d8727eada6b84ad27be448ec9da461497a497289"
  integrity sha512-6my3DrwLOe1zhR8UzVRKeo9AFM9XkApJBcx0IE+qKaEbKKBxYAiDBtd2ZMtRA2agqIwRP0kuHofTiDEzpfA+ZA==

esbuild-freebsd-arm64@0.15.17:
  version "0.15.17"
  resolved "https://registry.yarnpkg.com/esbuild-freebsd-arm64/-/esbuild-freebsd-arm64-0.15.17.tgz#441ee277b908e068f5780f829c13d999328143ab"
  integrity sha512-LQL7+f+bz+xmAu1FcDBB304Wm2CjONUcOeF4f3TqG7wYXMxjjYQZBFv+0OVapNXyYrM2vy9JMDbps+SheuOnHg==

esbuild-linux-32@0.15.17:
  version "0.15.17"
  resolved "https://registry.yarnpkg.com/esbuild-linux-32/-/esbuild-linux-32-0.15.17.tgz#6109df781f8f5a02792d6aa457a727485b9972c7"
  integrity sha512-7E9vZXMZhINQ4/KcxBxioJ2ao5gbXJ6Pa4/LEUd102g3gadSalpg0LrityFgw7ao6qmjcNWwdEYrXaDnOzyyYA==

esbuild-linux-64@0.15.17:
  version "0.15.17"
  resolved "https://registry.yarnpkg.com/esbuild-linux-64/-/esbuild-linux-64-0.15.17.tgz#67a9f35edcf45768d7f460c3981a2c8ec14274e2"
  integrity sha512-TnedHtFQSUVlc0J0D4ZMMalYaQ0Zbt7HSwGy4sav7BlXVqDVc/rchJ/a9dathK51apzLgRyXQMseLf6bkloaSQ==

esbuild-linux-arm64@0.15.17:
  version "0.15.17"
  resolved "https://registry.yarnpkg.com/esbuild-linux-arm64/-/esbuild-linux-arm64-0.15.17.tgz#8f0277990429c0ded773d704ce94eec969d5eca6"
  integrity sha512-oupYfh0lTHg+F/2ZoTNrioB+KLd6x0Zlhjz2Oa1jhl8wCGkNvwe25RytR2/SGPYpoNVcvCeoayWQRwwRuWGgfQ==

esbuild-linux-arm@0.15.17:
  version "0.15.17"
  resolved "https://registry.yarnpkg.com/esbuild-linux-arm/-/esbuild-linux-arm-0.15.17.tgz#05470e182cfaa4677090a54db96253a2a319e5dc"
  integrity sha512-+ugCmBTTDIlh+UuC7E/GvyJqjGTX2pNOA+g3isG78aYcfgswrHjvstTtIfljaU95AS30qrVNLgI5h/8TsRWTrg==

esbuild-linux-mips64le@0.15.17:
  version "0.15.17"
  resolved "https://registry.yarnpkg.com/esbuild-linux-mips64le/-/esbuild-linux-mips64le-0.15.17.tgz#0e806ef7e0b7148fe9944d736e7e72c40f2bfec0"
  integrity sha512-aUVyHwUXJF1hi9jsAT+At+cBxZh2yGICi/e757N6d/zzOD+eVK3PKQj68tAvIflx6/ZpnuCTKol1GpgGYrzERg==

esbuild-linux-ppc64le@0.15.17:
  version "0.15.17"
  resolved "https://registry.yarnpkg.com/esbuild-linux-ppc64le/-/esbuild-linux-ppc64le-0.15.17.tgz#9c2b392efd372ddc2ac4e7d2cfd1d2b993a3031d"
  integrity sha512-i7789iFTLfLccHPNADCbaZPx9CuQblsBqv2j4XqIBN1jKIJbpQ8iqCkWoHep4PLqqKLtBLtTWh919GsrFGdeJA==

esbuild-linux-riscv64@0.15.17:
  version "0.15.17"
  resolved "https://registry.yarnpkg.com/esbuild-linux-riscv64/-/esbuild-linux-riscv64-0.15.17.tgz#ac803768edebef91070891753565bf9ce25ece77"
  integrity sha512-fEQ/8tnZ2sDniBlPfTXEdg+0OP1olps96HvYdwl8ywJdAlD7AK761EL3lRbRdfMHNOId2N6+CVca43/Fiu/0AQ==

esbuild-linux-s390x@0.15.17:
  version "0.15.17"
  resolved "https://registry.yarnpkg.com/esbuild-linux-s390x/-/esbuild-linux-s390x-0.15.17.tgz#ac70e5326c16ef8b2b89d72b54c44c0c99d15401"
  integrity sha512-ZBQekST4gYgTKHAvUJtR1kFFulHTDlRZSE8T0wRQCmQqydNkC1teWxlR31xS6MZevjZGfa7OMVJD24bBhei/2Q==

esbuild-netbsd-64@0.15.17:
  version "0.15.17"
  resolved "https://registry.yarnpkg.com/esbuild-netbsd-64/-/esbuild-netbsd-64-0.15.17.tgz#14eec8ded46e1d7ca564c81cf0ecd3cfbdeb89db"
  integrity sha512-onNBFaZVN9GzGJMm3aZJJv74n/Q8FjW20G9OfSDhHjvamqJ5vbd42hNk6igQX4lgBCHTZvvBlWDJAMy+tbJAAw==

esbuild-openbsd-64@0.15.17:
  version "0.15.17"
  resolved "https://registry.yarnpkg.com/esbuild-openbsd-64/-/esbuild-openbsd-64-0.15.17.tgz#363e1a96e402ad1a8a35bf8a3f7b64b8703fa1de"
  integrity sha512-QFxHmvjaRrmTCvH/A3EmzqKUSZHRQ7/pbrJeATsb/Q6qckCeL9e7zg/1A3HiZqDXeBUV3yNeBeV1GJBjY6yVyA==

esbuild-plugin-fileloc@^0.0.6:
  version "0.0.6"
  resolved "https://registry.yarnpkg.com/esbuild-plugin-fileloc/-/esbuild-plugin-fileloc-0.0.6.tgz#146d9b4812912aecb3a7df8c4538525c10a4716e"
  integrity sha512-NfuXDBRDC9qeZ6bSr+FlBqOwtbe4uwkxYnrgyF5aA6LmMwUD1u0B8g8blq2kGB2xIf3x7lgUNq6K8pjlO8is/g==
  dependencies:
    fs-extra "^9.1.0"

esbuild-sunos-64@0.15.17:
  version "0.15.17"
  resolved "https://registry.yarnpkg.com/esbuild-sunos-64/-/esbuild-sunos-64-0.15.17.tgz#0d6def4f946f4b585845373010a8d35310356ed0"
  integrity sha512-7dHZA8Kc6U8rBTKojJatXtzHTUKJ3CRYimvOGIQQ1yUDOqGx/zZkCH/HkEi3Zg5SWyDj/57E5e1YJPo4ySSw/w==

esbuild-windows-32@0.15.17:
  version "0.15.17"
  resolved "https://registry.yarnpkg.com/esbuild-windows-32/-/esbuild-windows-32-0.15.17.tgz#3e5260f46c6a1cb0fafcb4c7c5aa1371ca0f525d"
  integrity sha512-yDrNrwQ/0k4N3OZItZ6k6YnBUch8+of06YRYc3hFI8VDm7X1rkNZwhttZNAzF6+TtbnK4cIz7H2/EwdSoaGZ3g==

esbuild-windows-64@0.15.17:
  version "0.15.17"
  resolved "https://registry.yarnpkg.com/esbuild-windows-64/-/esbuild-windows-64-0.15.17.tgz#d313f92c3dcc191d14d5d06a6722ae250c158aeb"
  integrity sha512-jPnXvB4zMMToNPpCBdt+OEQiYFVs9wlQ5G8vMoJkrYJBp1aEt070MRpBFa6pfBFrgXquqgUiNAohMcTdy+JVFg==

esbuild-windows-arm64@0.15.17:
  version "0.15.17"
  resolved "https://registry.yarnpkg.com/esbuild-windows-arm64/-/esbuild-windows-arm64-0.15.17.tgz#7ad50ae269a490c3b12c3128fb67d91ec2caf869"
  integrity sha512-I5QeSsz0X66V8rxVhmw03Wzn8Tz63H3L9GrsA7C5wvBXMk3qahLWuEL+l7SZ2DleKkFeZZMu1dPxOak9f1TZ4A==

esbuild@^0.15.17:
  version "0.15.17"
  resolved "https://registry.yarnpkg.com/esbuild/-/esbuild-0.15.17.tgz#9a4e1e78898968afbdce4325e3b941cb7378ee42"
  integrity sha512-8MbkDX+kh0kaeYGd6klMbn1uTOXHoDw7UYMd1dQYA5cqBZivf5+pzfaXZSL1RNamJfXW/uWC5+9wX5ejDgpSqg==
  optionalDependencies:
    "@esbuild/android-arm" "0.15.17"
    "@esbuild/linux-loong64" "0.15.17"
    esbuild-android-64 "0.15.17"
    esbuild-android-arm64 "0.15.17"
    esbuild-darwin-64 "0.15.17"
    esbuild-darwin-arm64 "0.15.17"
    esbuild-freebsd-64 "0.15.17"
    esbuild-freebsd-arm64 "0.15.17"
    esbuild-linux-32 "0.15.17"
    esbuild-linux-64 "0.15.17"
    esbuild-linux-arm "0.15.17"
    esbuild-linux-arm64 "0.15.17"
    esbuild-linux-mips64le "0.15.17"
    esbuild-linux-ppc64le "0.15.17"
    esbuild-linux-riscv64 "0.15.17"
    esbuild-linux-s390x "0.15.17"
    esbuild-netbsd-64 "0.15.17"
    esbuild-openbsd-64 "0.15.17"
    esbuild-sunos-64 "0.15.17"
    esbuild-windows-32 "0.15.17"
    esbuild-windows-64 "0.15.17"
    esbuild-windows-arm64 "0.15.17"

fs-extra@^9.1.0:
  version "9.1.0"
  resolved "https://registry.yarnpkg.com/fs-extra/-/fs-extra-9.1.0.tgz#5954460c764a8da2094ba3554bf839e6b9a7c86d"
  integrity sha512-hcg3ZmepS30/7BSFqRvoo3DOMQu7IjqxO5nCDt+zM9XWjb33Wg7ziNT+Qvqbuc3+gWpzO02JubVyk2G4Zvo1OQ==
  dependencies:
    at-least-node "^1.0.0"
    graceful-fs "^4.2.0"
    jsonfile "^6.0.1"
    universalify "^2.0.0"

graceful-fs@^4.1.6, graceful-fs@^4.2.0:
  version "4.2.10"
  resolved "https://registry.yarnpkg.com/graceful-fs/-/graceful-fs-4.2.10.tgz#147d3a006da4ca3ce14728c7aefc287c367d7a6c"
  integrity sha512-9ByhssR2fPVsNZj478qUUbKfmL0+t5BDVyjShtyZZLiK7ZDAArFFfopyOTj0M05wE2tJPisA4iTnnXl2YoPvOA==

jsonfile@^6.0.1:
  version "6.1.0"
  resolved "https://registry.yarnpkg.com/jsonfile/-/jsonfile-6.1.0.tgz#bc55b2634793c679ec6403094eb13698a6ec0aae"
  integrity sha512-5dgndWOriYSm5cnYaJNhalLNDKOqFwyDB/rr1E9ZsGciGvKPs8R2xYGCacuf3z6K1YKDz182fd+fY3cn3pMqXQ==
  dependencies:
    universalify "^2.0.0"
  optionalDependencies:
    graceful-fs "^4.1.6"

prisma@^4.7.1:
  version "4.7.1"
  resolved "https://registry.yarnpkg.com/prisma/-/prisma-4.7.1.tgz#0a1beac26abdc4421e496b75eb50413f3ee3b0ba"
  integrity sha512-CCQP+m+1qZOGIZlvnL6T3ZwaU0LAleIHYFPN9tFSzjs/KL6vH9rlYbGOkTuG9Q1s6Ki5D0LJlYlW18Z9EBUpGg==
  dependencies:
    "@prisma/engines" "4.7.1"

typescript@^4.9.3:
  version "4.9.3"
  resolved "https://registry.yarnpkg.com/typescript/-/typescript-4.9.3.tgz#3aea307c1746b8c384435d8ac36b8a2e580d85db"
  integrity sha512-CIfGzTelbKNEnLpLdGFgdyKhG23CKdKgQPOBc+OUNrkJ2vr+KSzsSV5kq5iWhEQbok+quxgGzrAtGWCyU7tHnA==

universalify@^2.0.0:
  version "2.0.0"
  resolved "https://registry.yarnpkg.com/universalify/-/universalify-2.0.0.tgz#75a4984efedc4b08975c5aeb73f530d02df25717"
  integrity sha512-hAZsKq7Yy11Zu1DE0OzWjw7nnLZmJZYTDZZyEFHZdUhV8FkH5MCfoU1XMaxXovpyW5nq5scPqq0ZDP9Zyl04oQ==
